
Microsoft Visual Studio Solution File, Format Version 12.00
# Visual Studio Version 17
VisualStudioVersion = 17.12.35728.132 d17.12
MinimumVisualStudioVersion = 10.0.40219.1
Project("{FAE04EC0-301F-11D3-BF4B-00C04F79EFBC}") = "RepositoryPatternwithUOW.Api", "RepositoryPatternwithUOW.Api\RepositoryPatternwithUOW.Api.csproj", "{9F4F6233-9DA5-4A8A-9D1C-D275A32C9EB4}"
EndProject
Project("{FAE04EC0-301F-11D3-BF4B-00C04F79EFBC}") = "RepositoryPatternWithUOW.Core", "RepositoryPatternWithUOW.Core\RepositoryPatternWithUOW.Core.csproj", "{3D25BAB7-E7E4-452F-85DA-881583D3C777}"
EndProject
Project("{FAE04EC0-301F-11D3-BF4B-00C04F79EFBC}") = "RepositoryPatternWithUOW.EF", "RepositoryPatternWithUOW.EF\RepositoryPatternWithUOW.EF.csproj", "{5C0ECBBF-0A75-4D6A-A606-16C64FC03D9A}"
EndProject
Global
	GlobalSection(SolutionConfigurationPlatforms) = preSolution
		Debug|Any CPU = Debug|Any CPU
		Release|Any CPU = Release|Any CPU
	EndGlobalSection
	GlobalSection(ProjectConfigurationPlatforms) = postSolution
		{9F4F6233-9DA5-4A8A-9D1C-D275A32C9EB4}.Debug|Any CPU.ActiveCfg = Debug|Any CPU
		{9F4F6233-9DA5-4A8A-9D1C-D275A32C9EB4}.Debug|Any CPU.Build.0 = Debug|Any CPU
		{9F4F6233-9DA5-4A8A-9D1C-D275A32C9EB4}.Release|Any CPU.ActiveCfg = Release|Any CPU
		{9F4F6233-9DA5-4A8A-9D1C-D275A32C9EB4}.Release|Any CPU.Build.0 = Release|Any CPU
		{3D25BAB7-E7E4-452F-85DA-881583D3C777}.Debug|Any CPU.ActiveCfg = Debug|Any CPU
		{3D25BAB7-E7E4-452F-85DA-881583D3C777}.Debug|Any CPU.Build.0 = Debug|Any CPU
		{3D25BAB7-E7E4-452F-85DA-881583D3C777}.Release|Any CPU.ActiveCfg = Release|Any CPU
		{3D25BAB7-E7E4-452F-85DA-881583D3C777}.Release|Any CPU.Build.0 = Release|Any CPU
		{5C0ECBBF-0A75-4D6A-A606-16C64FC03D9A}.Debug|Any CPU.ActiveCfg = Debug|Any CPU
		{5C0ECBBF-0A75-4D6A-A606-16C64FC03D9A}.Debug|Any CPU.Build.0 = Debug|Any CPU
		{5C0ECBBF-0A75-4D6A-A606-16C64FC03D9A}.Release|Any CPU.ActiveCfg = Release|Any CPU
		{5C0ECBBF-0A75-4D6A-A606-16C64FC03D9A}.Release|Any CPU.Build.0 = Release|Any CPU
	EndGlobalSection
	GlobalSection(SolutionProperties) = preSolution
		HideSolutionNode = FALSE
	EndGlobalSection
EndGlobal
